
Microsoft Visual Studio Solution File, Format Version 12.00
# Visual Studio Version 16
VisualStudioVersion = 16.0.30907.101
MinimumVisualStudioVersion = 10.0.40219.1
Project("{FAE04EC0-301F-11D3-BF4B-00C04F79EFBC}") = "SpreadsheetsToMysql", "SpreadsheetsToMysql.csproj", "{C41E6B8C-EC67-4364-B805-568BA8889F4F}"
EndProject
Global
	GlobalSection(SolutionConfigurationPlatforms) = preSolution
		Debug|Any CPU = Debug|Any CPU
		Release|Any CPU = Release|Any CPU
	EndGlobalSection
	GlobalSection(ProjectConfigurationPlatforms) = postSolution
		{C41E6B8C-EC67-4364-B805-568BA8889F4F}.Debug|Any CPU.ActiveCfg = Debug|Any CPU
		{C41E6B8C-EC67-4364-B805-568BA8889F4F}.Debug|Any CPU.Build.0 = Debug|Any CPU
		{C41E6B8C-EC67-4364-B805-568BA8889F4F}.Release|Any CPU.ActiveCfg = Release|Any CPU
		{C41E6B8C-EC67-4364-B805-568BA8889F4F}.Release|Any CPU.Build.0 = Release|Any CPU
	EndGlobalSection
	GlobalSection(SolutionProperties) = preSolution
		HideSolutionNode = FALSE
	EndGlobalSection
	GlobalSection(ExtensibilityGlobals) = postSolution
		SolutionGuid = {7DCFE73A-9748-4097-9C0E-E1241CE466FC}
	EndGlobalSection
EndGlobal
